
Microsoft Visual Studio Solution File, Format Version 12.00
# Visual Studio Version 16
VisualStudioVersion = 16.0.31829.152
MinimumVisualStudioVersion = 10.0.40219.1
Project("{8BC9CEB8-8B4A-11D0-8D11-00A0C91BC942}") = "GUI", "GUI\GUI.vcxproj", "{9F969BA0-8762-4B93-91EB-E62CC4EE025E}"
EndProject
Project("{2150E333-8FDC-42A3-9474-1A3956D46DE8}") = "ThirdParty", "ThirdParty", "{B0D5BEF9-744A-4F09-8DE8-835675B24B59}"
EndProject
Project("{8BC9CEB8-8B4A-11D0-8D11-00A0C91BC942}") = "pcl_visualizer", "pcl_visualizer\pcl_visualizer.vcxproj", "{3C1E7941-8DDF-4FAE-B5C1-A8F8B11C6774}"
EndProject
Project("{8BC9CEB8-8B4A-11D0-8D11-00A0C91BC942}") = "Visualization", "Visualization\Visualization.vcxproj", "{FD9B6DEF-22AD-47CC-8CBD-9A141D9237C4}"
EndProject
Project("{8BC9CEB8-8B4A-11D0-8D11-00A0C91BC942}") = "Common", "Common\Common.vcxproj", "{F3FC1AD4-FAE1-4CCD-9687-B5D63A97FB07}"
EndProject
Project("{8BC9CEB8-8B4A-11D0-8D11-00A0C91BC942}") = "DataManagement", "DataManagement\DataManagement.vcxproj", "{AC5B2935-AB28-4ED2-B6B6-F886228B3238}"
EndProject
Project("{2150E333-8FDC-42A3-9474-1A3956D46DE8}") = "UnitTest", "UnitTest", "{0CECDE68-A2AC-406C-9371-0BB587525A57}"
EndProject
Project("{8BC9CEB8-8B4A-11D0-8D11-00A0C91BC942}") = "Core", "Core\Core.vcxproj", "{39C00D6D-7D00-4846-ACD1-B0676B2A2993}"
EndProject
Project("{8BC9CEB8-8B4A-11D0-8D11-00A0C91BC942}") = "Unit_Test_001 (IO)", "Test\UnitTest\Unit_Test_001 (IO)\Unit_Test_001 (IO).vcxproj", "{EFBDE93C-CF7D-4F38-997A-A3114824E916}"
EndProject
Project("{8BC9CEB8-8B4A-11D0-8D11-00A0C91BC942}") = "Unit_Test_002_A (HeightMap)", "Test\UnitTest\Unit_Test_002 (HeightMap)\Unit_Test_002 (HeightMap).vcxproj", "{A3F5DACF-3319-4FBA-9D5F-E1139E8A006B}"
EndProject
Project("{8BC9CEB8-8B4A-11D0-8D11-00A0C91BC942}") = "Unit_Test_003 (AABB)", "Test\UnitTest\Unit_Test_003 (AABB)\Unit_Test_003 (AABB).vcxproj", "{EA172953-E0A9-4FA2-AA71-AA9B5F3CEF8D}"
EndProject
Project("{8BC9CEB8-8B4A-11D0-8D11-00A0C91BC942}") = "Unit_Test_004 (PCManagement)", "Test\UnitTest\Unit_Test_004 (PCManagement)\Unit_Test_004 (PCManagement).vcxproj", "{032D0481-868D-4867-8844-24E49E0284FC}"
EndProject
Project("{8BC9CEB8-8B4A-11D0-8D11-00A0C91BC942}") = "Unit_Test_005 (Image)", "Test\UnitTest\Unit_Test_005 (Image)\Unit_Test_005 (Image).vcxproj", "{855FC470-BFE4-43B8-A74B-80B4E6262440}"
EndProject
Project("{8BC9CEB8-8B4A-11D0-8D11-00A0C91BC942}") = "Unit_Test_006 (Gradient)", "Test\UnitTest\Unit_Test_006 (Gradient)\Unit_Test_006 (Gradient).vcxproj", "{8C036756-CD7A-4C3E-AE1B-3124BD8DE27E}"
EndProject
Project("{8BC9CEB8-8B4A-11D0-8D11-00A0C91BC942}") = "Unit_Test_007 (Solver)", "Test\UnitTest\Unit_Test_007 (Solver)\Unit_Test_007 (Solver).vcxproj", "{59239956-FA78-4C64-8ADA-BCCF2A22CB7E}"
EndProject
Project("{8BC9CEB8-8B4A-11D0-8D11-00A0C91BC942}") = "Unit_Test_008 (Math)", "Test\UnitTest\Unit_Test_008 (Math)\Unit_Test_008 (Math).vcxproj", "{D21CD5B2-F0EA-4317-A135-E8A1D521A904}"
EndProject
Project("{8BC9CEB8-8B4A-11D0-8D11-00A0C91BC942}") = "Unit_Test_009 (Map2Cloud)", "Test\UnitTest\Unit_Test_009 (Map2Cloud)\Unit_Test_009 (Map2Cloud).vcxproj", "{4854F50B-5504-4F32-A205-6B68F05D6FC5}"
EndProject
Project("{8BC9CEB8-8B4A-11D0-8D11-00A0C91BC942}") = "Unit_Test_010 (PatchMatch)", "Test\UnitTest\Unit_Test_010 (PatchMatch)\Unit_Test_010 (PatchMatch).vcxproj", "{C34548AF-4E29-4513-A702-F132242626C3}"
EndProject
Project("{2150E333-8FDC-42A3-9474-1A3956D46DE8}") = "ALG", "ALG", "{0428DD66-6238-4942-B3CC-E5922D59DB0A}"
EndProject
Project("{8BC9CEB8-8B4A-11D0-8D11-00A0C91BC942}") = "PM", "ALG\PM\PM.vcxproj", "{6D283294-1BA4-49F0-B542-D38E374EF62D}"
EndProject
Project("{8BC9CEB8-8B4A-11D0-8D11-00A0C91BC942}") = "Unit_Test_011 (SetUpSolver)", "Test\UnitTest\Unit_Test_011 (SetUpSolver)\Unit_Test_011 (SetUpSolver).vcxproj", "{185C6F30-7461-4BB5-B97C-3286AB1BAFD6}"
EndProject
Project("{2150E333-8FDC-42A3-9474-1A3956D46DE8}") = "IntegrationTest", "IntegrationTest", "{6CDF553B-9895-4C24-974F-9EA8776FEBE3}"
EndProject
Project("{2150E333-8FDC-42A3-9474-1A3956D46DE8}") = "Test", "Test", "{6375D942-3356-4CDB-81D4-88CE47DB13C8}"
EndProject
Project("{8BC9CEB8-8B4A-11D0-8D11-00A0C91BC942}") = "Integration_Test_001 (DepthInpaiting)", "Test\IntegrationTest\Integration_Test_001 (DepthInpaiting)\Integration_Test_001 (DepthInpaiting).vcxproj", "{41A90A9C-231B-4AA4-A38A-C0A796D2AA73}"
EndProject
Project("{8BC9CEB8-8B4A-11D0-8D11-00A0C91BC942}") = "Unit_Test_013 (ExtractHoleBoundary)", "Test\UnitTest\Unit_Test_013 (ExtractHoleBoundary)\Unit_Test_013 (ExtractHoleBoundary).vcxproj", "{C22C69C5-60AA-4C15-837F-7720E3AB6EC5}"
EndProject
Project("{8BC9CEB8-8B4A-11D0-8D11-00A0C91BC942}") = "Unit_Test_014 (ExtremeValue)", "Test\UnitTest\Unit_Test_014 (ExtremeValue)\Unit_Test_014 (ExtremeValue).vcxproj", "{EE4EBC0E-2348-4DD7-925A-355C9C5895F3}"
EndProject
Project("{8BC9CEB8-8B4A-11D0-8D11-00A0C91BC942}") = "Unit_Test_015 (RegionGrowing3D)", "Test\UnitTest\Unit_Test_015 (RegionGrowing3D)\Unit_Test_015 (RegionGrowing3D).vcxproj", "{8124AD69-B1CE-4622-84B9-780890974E6A}"
EndProject
Project("{8BC9CEB8-8B4A-11D0-8D11-00A0C91BC942}") = "Integration_Test_002 (HoleBorderExtracting)", "Test\IntegrationTest\Integration_Test_002 (HoleBorderExtracting)\Integration_Test_002 (HoleBorderExtracting).vcxproj", "{3EB6FD39-1D41-45EC-8962-6036B85AAA84}"
EndProject
Project("{8BC9CEB8-8B4A-11D0-8D11-00A0C91BC942}") = "GA", "ALG\GeneticAlgorithm\GeneticAlgorithm.vcxproj", "{9C0BE5D6-C719-4A95-8541-15F0698D730E}"
EndProject
Project("{8BC9CEB8-8B4A-11D0-8D11-00A0C91BC942}") = "Unit_Test_016 (GaussianDistribution)", "Test\UnitTest\Unit_Test_016 (GaussianDistribution)\Unit_Test_016 (GaussianDistribution).vcxproj", "{38475700-576A-497F-AF6F-D704B97B7739}"
EndProject
Project("{8BC9CEB8-8B4A-11D0-8D11-00A0C91BC942}") = "Unit_Test_017 (Ransac)", "Test\UnitTest\Unit_Test_017 (Ransac)\Unit_Test_017 (Ransac).vcxproj", "{AAC6B7E4-D24F-4F8D-8019-1CFB55AA4918}"
EndProject
Project("{8BC9CEB8-8B4A-11D0-8D11-00A0C91BC942}") = "Unit_Test_018 (Cluster)", "Test\UnitTest\Unit_Test_018 (Cluster)\Unit_Test_018 (Cluster).vcxproj", "{93704582-E110-4C3F-852E-A5E37CC46738}"
EndProject
Project("{8BC9CEB8-8B4A-11D0-8D11-00A0C91BC942}") = "Unit_Test_019 (Normal)", "Test\UnitTest\Unit_Test_019 (Normal)\Unit_Test_019 (Normal).vcxproj", "{9526398B-E94C-43BF-AAC4-25EA935286D2}"
EndProject
Project("{8BC9CEB8-8B4A-11D0-8D11-00A0C91BC942}") = "Unit_Test_020 (GeneticClustering)", "Test\UnitTest\Unit_Test_020 (GC)\Unit_Test_020 (GC).vcxproj", "{146DAD41-2EB7-4F09-A462-0504D3EACBA2}"
EndProject
Project("{8BC9CEB8-8B4A-11D0-8D11-00A0C91BC942}") = "Unit_Test_021 (PlaneRotation)", "Test\UnitTest\Unit_Test_021 (PlaneRotation)\Unit_Test_021 (PlaneRotation).vcxproj", "{D1A30AA4-5A70-483B-88B0-F2DE293B3591}"
EndProject
Project("{8BC9CEB8-8B4A-11D0-8D11-00A0C91BC942}") = "Unit_Test_022 (BSplineCurve)", "Test\UnitTest\Unit_Test_022 (BSplineCurve)\Unit_Test_022 (BSplineCurve).vcxproj", "{15796BC9-92B5-4B0B-9D43-E63D6B1E0A42}"
EndProject
Project("{8BC9CEB8-8B4A-11D0-8D11-00A0C91BC942}") = "Unit_Test_023 (BSplineSurface)", "Test\UnitTest\Unit_Test_023 (BSplineSurface)\Unit_Test_023 (BSplineSurface).vcxproj", "{939EF9A9-B138-4EFB-8E49-C58FD103672E}"
EndProject
Project("{8BC9CEB8-8B4A-11D0-8D11-00A0C91BC942}") = "Unit_Test_024 (Triangle)", "Test\UnitTest\Unit_Test_024 (Triangle)\Unit_Test_024 (Triangle).vcxproj", "{17DBD436-82AE-40D8-94AA-8CFA73374790}"
EndProject
Project("{8BC9CEB8-8B4A-11D0-8D11-00A0C91BC942}") = "Unit_Test_025_A (MultiLayerBSplineSurface)", "Test\UnitTest\Unit_Test_025 (MultiLayerBSplineSurface)\Unit_Test_025 (MultiLayerBSplineSurface).vcxproj", "{AD252B47-79ED-48AC-9ABD-B9A3C881D3A8}"
EndProject
Project("{8BC9CEB8-8B4A-11D0-8D11-00A0C91BC942}") = "Integration_Test_003 (BSplineSurfaceBaseExtracting)", "Test\IntegrationTest\Integration_Test_003 (BSplineSurfaceBaseExtracting)\Integration_Test_003 (BSplineSurfaceBaseExtracting).vcxproj", "{49EEC445-6C04-43FA-AA33-13937AC6B37B}"
EndProject
Project("{8BC9CEB8-8B4A-11D0-8D11-00A0C91BC942}") = "Unit_Test_026_A (Voxelize)", "Test\UnitTest\Unit_Test_026 (Voxelize)\Unit_Test_026 (Voxelize).vcxproj", "{3A971274-6A42-4A53-A0EA-BD1432B8BE3D}"
EndProject
Project("{8BC9CEB8-8B4A-11D0-8D11-00A0C91BC942}") = "Unit_Test_012 (DataTrimmer)", "Test\UnitTest\Unit_Test_012 (DataTrimmer)\Unit_Test_012 (DataTrimmer).vcxproj", "{A40C450E-A6B8-48E4-A7B3-DE7231FDDBDC}"
EndProject
Project("{8BC9CEB8-8B4A-11D0-8D11-00A0C91BC942}") = "Unit_Test_027 (Trimmer)", "Test\UnitTest\Unit_Test_027 (Trimmer)\Unit_Test_027 (Trimmer).vcxproj", "{B647AFC5-5FB8-40F8-9FE7-7A2B3AA23D65}"
EndProject
Project("{8BC9CEB8-8B4A-11D0-8D11-00A0C91BC942}") = "Unit_Test_026_B (Voxelize_Biased)", "Test\UnitTest\Unit_Test_026_B (Voxelize_Biased)\Unit_Test_026_B (Voxelize_Biased).vcxproj", "{78F38609-C7E7-4D2F-8431-C411B5C742BA}"
EndProject
Project("{8BC9CEB8-8B4A-11D0-8D11-00A0C91BC942}") = "Unit_Test_025_B (MultiLayerBSplineSurface)", "Test\UnitTest\Unit_Test_025_B (MultiLayerBSplineSurface)\Unit_Test_025_B (MultiLayerBSplineSurface).vcxproj", "{6A7377BE-82F2-4BC3-98D1-47B5BB5B25B5}"
EndProject
Project("{8BC9CEB8-8B4A-11D0-8D11-00A0C91BC942}") = "Unit_Test_002_B (HeightMap)", "Test\UnitTest\Unit_Test_002_B (HeightMap)\Unit_Test_002_B (HeightMap).vcxproj", "{5FDDE606-7EE0-48B9-A514-3FAFFD26538D}"
EndProject
Project("{8BC9CEB8-8B4A-11D0-8D11-00A0C91BC942}") = "Unit_Test_028 (NormalSampler)", "Test\UnitTest\Unit_Test_028 (NormalSampler)\Unit_Test_028 (NormalSampler).vcxproj", "{CB99AAFD-F75D-4D2A-ADAF-CD794560ED29}"
EndProject
Project("{8BC9CEB8-8B4A-11D0-8D11-00A0C91BC942}") = "Unit_Test_029 (Surface2CloudMapper)", "Test\UnitTest\Unit_Test_029 (Surface2CloudMapper)\Unit_Test_029 (Surface2CloudMapper).vcxproj", "{C281110A-B4F7-4232-BFD6-5E86C2962046}"
EndProject
Project("{8BC9CEB8-8B4A-11D0-8D11-00A0C91BC942}") = "Unit_Test_030 (UVGenerator)", "Test\UnitTest\Unit_Test_030 (UVSampler)\Unit_Test_030 (UVSampler).vcxproj", "{A971F7ED-39C8-4E5C-B817-B4E01A6AD08D}"
EndProject
Project("{8BC9CEB8-8B4A-11D0-8D11-00A0C91BC942}") = "Integration_Test_004 (Surface2CloudMapper)", "Test\IntegrationTest\Integration_Test_004 (Surface2CloudMapper)\Integration_Test_004 (Surface2CloudMapper).vcxproj", "{A023669E-6141-4A15-89B3-E9B8A3573FDF}"
EndProject
Project("{2150E333-8FDC-42A3-9474-1A3956D46DE8}") = "CreateModel", "CreateModel", "{281008C2-79B2-4F7E-80D7-4A3F46DD3378}"
EndProject
Project("{8BC9CEB8-8B4A-11D0-8D11-00A0C91BC942}") = "CreateModel", "CreateModel\CreateModel.vcxproj", "{FE5808A0-91F4-4F1D-AA29-7AB595C20301}"
EndProject
Project("{8BC9CEB8-8B4A-11D0-8D11-00A0C91BC942}") = "Unit_Test_025_C (MultiLayerBSplineSurface)", "Test\UnitTest\Unit_Test_025_C (MultiLayerBSplineSurface)\Unit_Test_025_C (MultiLayerBSplineSurface).vcxproj", "{999CE3FE-4308-4789-8C0B-5BC34A5F93C8}"
EndProject
Project("{8BC9CEB8-8B4A-11D0-8D11-00A0C91BC942}") = "Unit_Test_031 (Sorter)", "Test\UnitTest\Unit_Test_031 (Sorter)\Unit_Test_031 (Sorter).vcxproj", "{73CA6B8E-87C2-41F0-B2D2-62685ED80382}"
EndProject
Project("{8BC9CEB8-8B4A-11D0-8D11-00A0C91BC942}") = "Unit_Test_032 (ControlPointGenerator)", "Test\UnitTest\Unit_Test_032 (ControlPointGenerator)\Unit_Test_032 (ControlPointGenerator).vcxproj", "{1AC215E9-E213-432B-86E3-17B1C1B47736}"
EndProject
Project("{8BC9CEB8-8B4A-11D0-8D11-00A0C91BC942}") = "Integration_Test_000 (ImageInpaiting)", "Test\IntegrationTest\Integration_Test_000 (ImageInpaiting)\Integration_Test_000 (ImageInpaiting).vcxproj", "{C3666FCB-61AC-4FF2-98B4-05C7E43936D7}"
EndProject
Global
	GlobalSection(SolutionConfigurationPlatforms) = preSolution
		Debug|x64 = Debug|x64
		Debug|x86 = Debug|x86
		Release|x64 = Release|x64
		Release|x86 = Release|x86
	EndGlobalSection
	GlobalSection(ProjectConfigurationPlatforms) = postSolution
		{9F969BA0-8762-4B93-91EB-E62CC4EE025E}.Debug|x64.ActiveCfg = Debug|x64
		{9F969BA0-8762-4B93-91EB-E62CC4EE025E}.Debug|x64.Build.0 = Debug|x64
		{9F969BA0-8762-4B93-91EB-E62CC4EE025E}.Debug|x86.ActiveCfg = Debug|x64
		{9F969BA0-8762-4B93-91EB-E62CC4EE025E}.Release|x64.ActiveCfg = Release|x64
		{9F969BA0-8762-4B93-91EB-E62CC4EE025E}.Release|x64.Build.0 = Release|x64
		{9F969BA0-8762-4B93-91EB-E62CC4EE025E}.Release|x86.ActiveCfg = Release|x64
		{3C1E7941-8DDF-4FAE-B5C1-A8F8B11C6774}.Debug|x64.ActiveCfg = Debug|x64
		{3C1E7941-8DDF-4FAE-B5C1-A8F8B11C6774}.Debug|x64.Build.0 = Debug|x64
		{3C1E7941-8DDF-4FAE-B5C1-A8F8B11C6774}.Debug|x86.ActiveCfg = Debug|x64
		{3C1E7941-8DDF-4FAE-B5C1-A8F8B11C6774}.Release|x64.ActiveCfg = Release|x64
		{3C1E7941-8DDF-4FAE-B5C1-A8F8B11C6774}.Release|x64.Build.0 = Release|x64
		{3C1E7941-8DDF-4FAE-B5C1-A8F8B11C6774}.Release|x86.ActiveCfg = Release|x64
		{FD9B6DEF-22AD-47CC-8CBD-9A141D9237C4}.Debug|x64.ActiveCfg = Debug|x64
		{FD9B6DEF-22AD-47CC-8CBD-9A141D9237C4}.Debug|x64.Build.0 = Debug|x64
		{FD9B6DEF-22AD-47CC-8CBD-9A141D9237C4}.Debug|x86.ActiveCfg = Debug|Win32
		{FD9B6DEF-22AD-47CC-8CBD-9A141D9237C4}.Debug|x86.Build.0 = Debug|Win32
		{FD9B6DEF-22AD-47CC-8CBD-9A141D9237C4}.Release|x64.ActiveCfg = Release|x64
		{FD9B6DEF-22AD-47CC-8CBD-9A141D9237C4}.Release|x64.Build.0 = Release|x64
		{FD9B6DEF-22AD-47CC-8CBD-9A141D9237C4}.Release|x86.ActiveCfg = Release|Win32
		{FD9B6DEF-22AD-47CC-8CBD-9A141D9237C4}.Release|x86.Build.0 = Release|Win32
		{F3FC1AD4-FAE1-4CCD-9687-B5D63A97FB07}.Debug|x64.ActiveCfg = Debug|x64
		{F3FC1AD4-FAE1-4CCD-9687-B5D63A97FB07}.Debug|x64.Build.0 = Debug|x64
		{F3FC1AD4-FAE1-4CCD-9687-B5D63A97FB07}.Debug|x86.ActiveCfg = Debug|Win32
		{F3FC1AD4-FAE1-4CCD-9687-B5D63A97FB07}.Debug|x86.Build.0 = Debug|Win32
		{F3FC1AD4-FAE1-4CCD-9687-B5D63A97FB07}.Release|x64.ActiveCfg = Release|x64
		{F3FC1AD4-FAE1-4CCD-9687-B5D63A97FB07}.Release|x64.Build.0 = Release|x64
		{F3FC1AD4-FAE1-4CCD-9687-B5D63A97FB07}.Release|x86.ActiveCfg = Release|Win32
		{F3FC1AD4-FAE1-4CCD-9687-B5D63A97FB07}.Release|x86.Build.0 = Release|Win32
		{AC5B2935-AB28-4ED2-B6B6-F886228B3238}.Debug|x64.ActiveCfg = Debug|x64
		{AC5B2935-AB28-4ED2-B6B6-F886228B3238}.Debug|x64.Build.0 = Debug|x64
		{AC5B2935-AB28-4ED2-B6B6-F886228B3238}.Debug|x86.ActiveCfg = Debug|Win32
		{AC5B2935-AB28-4ED2-B6B6-F886228B3238}.Debug|x86.Build.0 = Debug|Win32
		{AC5B2935-AB28-4ED2-B6B6-F886228B3238}.Release|x64.ActiveCfg = Release|x64
		{AC5B2935-AB28-4ED2-B6B6-F886228B3238}.Release|x64.Build.0 = Release|x64
		{AC5B2935-AB28-4ED2-B6B6-F886228B3238}.Release|x86.ActiveCfg = Release|Win32
		{AC5B2935-AB28-4ED2-B6B6-F886228B3238}.Release|x86.Build.0 = Release|Win32
		{39C00D6D-7D00-4846-ACD1-B0676B2A2993}.Debug|x64.ActiveCfg = Debug|x64
		{39C00D6D-7D00-4846-ACD1-B0676B2A2993}.Debug|x64.Build.0 = Debug|x64
		{39C00D6D-7D00-4846-ACD1-B0676B2A2993}.Debug|x86.ActiveCfg = Debug|Win32
		{39C00D6D-7D00-4846-ACD1-B0676B2A2993}.Debug|x86.Build.0 = Debug|Win32
		{39C00D6D-7D00-4846-ACD1-B0676B2A2993}.Release|x64.ActiveCfg = Release|x64
		{39C00D6D-7D00-4846-ACD1-B0676B2A2993}.Release|x64.Build.0 = Release|x64
		{39C00D6D-7D00-4846-ACD1-B0676B2A2993}.Release|x86.ActiveCfg = Release|Win32
		{39C00D6D-7D00-4846-ACD1-B0676B2A2993}.Release|x86.Build.0 = Release|Win32
		{EFBDE93C-CF7D-4F38-997A-A3114824E916}.Debug|x64.ActiveCfg = Debug|x64
		{EFBDE93C-CF7D-4F38-997A-A3114824E916}.Debug|x64.Build.0 = Debug|x64
		{EFBDE93C-CF7D-4F38-997A-A3114824E916}.Debug|x86.ActiveCfg = Debug|Win32
		{EFBDE93C-CF7D-4F38-997A-A3114824E916}.Debug|x86.Build.0 = Debug|Win32
		{EFBDE93C-CF7D-4F38-997A-A3114824E916}.Release|x64.ActiveCfg = Release|x64
		{EFBDE93C-CF7D-4F38-997A-A3114824E916}.Release|x64.Build.0 = Release|x64
		{EFBDE93C-CF7D-4F38-997A-A3114824E916}.Release|x86.ActiveCfg = Release|Win32
		{EFBDE93C-CF7D-4F38-997A-A3114824E916}.Release|x86.Build.0 = Release|Win32
		{A3F5DACF-3319-4FBA-9D5F-E1139E8A006B}.Debug|x64.ActiveCfg = Debug|x64
		{A3F5DACF-3319-4FBA-9D5F-E1139E8A006B}.Debug|x64.Build.0 = Debug|x64
		{A3F5DACF-3319-4FBA-9D5F-E1139E8A006B}.Debug|x86.ActiveCfg = Debug|Win32
		{A3F5DACF-3319-4FBA-9D5F-E1139E8A006B}.Debug|x86.Build.0 = Debug|Win32
		{A3F5DACF-3319-4FBA-9D5F-E1139E8A006B}.Release|x64.ActiveCfg = Release|x64
		{A3F5DACF-3319-4FBA-9D5F-E1139E8A006B}.Release|x64.Build.0 = Release|x64
		{A3F5DACF-3319-4FBA-9D5F-E1139E8A006B}.Release|x86.ActiveCfg = Release|Win32
		{A3F5DACF-3319-4FBA-9D5F-E1139E8A006B}.Release|x86.Build.0 = Release|Win32
		{EA172953-E0A9-4FA2-AA71-AA9B5F3CEF8D}.Debug|x64.ActiveCfg = Debug|x64
		{EA172953-E0A9-4FA2-AA71-AA9B5F3CEF8D}.Debug|x64.Build.0 = Debug|x64
		{EA172953-E0A9-4FA2-AA71-AA9B5F3CEF8D}.Debug|x86.ActiveCfg = Debug|Win32
		{EA172953-E0A9-4FA2-AA71-AA9B5F3CEF8D}.Debug|x86.Build.0 = Debug|Win32
		{EA172953-E0A9-4FA2-AA71-AA9B5F3CEF8D}.Release|x64.ActiveCfg = Release|x64
		{EA172953-E0A9-4FA2-AA71-AA9B5F3CEF8D}.Release|x64.Build.0 = Release|x64
		{EA172953-E0A9-4FA2-AA71-AA9B5F3CEF8D}.Release|x86.ActiveCfg = Release|Win32
		{EA172953-E0A9-4FA2-AA71-AA9B5F3CEF8D}.Release|x86.Build.0 = Release|Win32
		{032D0481-868D-4867-8844-24E49E0284FC}.Debug|x64.ActiveCfg = Debug|x64
		{032D0481-868D-4867-8844-24E49E0284FC}.Debug|x64.Build.0 = Debug|x64
		{032D0481-868D-4867-8844-24E49E0284FC}.Debug|x86.ActiveCfg = Debug|Win32
		{032D0481-868D-4867-8844-24E49E0284FC}.Debug|x86.Build.0 = Debug|Win32
		{032D0481-868D-4867-8844-24E49E0284FC}.Release|x64.ActiveCfg = Release|x64
		{032D0481-868D-4867-8844-24E49E0284FC}.Release|x64.Build.0 = Release|x64
		{032D0481-868D-4867-8844-24E49E0284FC}.Release|x86.ActiveCfg = Release|Win32
		{032D0481-868D-4867-8844-24E49E0284FC}.Release|x86.Build.0 = Release|Win32
		{855FC470-BFE4-43B8-A74B-80B4E6262440}.Debug|x64.ActiveCfg = Debug|x64
		{855FC470-BFE4-43B8-A74B-80B4E6262440}.Debug|x64.Build.0 = Debug|x64
		{855FC470-BFE4-43B8-A74B-80B4E6262440}.Debug|x86.ActiveCfg = Debug|Win32
		{855FC470-BFE4-43B8-A74B-80B4E6262440}.Debug|x86.Build.0 = Debug|Win32
		{855FC470-BFE4-43B8-A74B-80B4E6262440}.Release|x64.ActiveCfg = Release|x64
		{855FC470-BFE4-43B8-A74B-80B4E6262440}.Release|x64.Build.0 = Release|x64
		{855FC470-BFE4-43B8-A74B-80B4E6262440}.Release|x86.ActiveCfg = Release|Win32
		{855FC470-BFE4-43B8-A74B-80B4E6262440}.Release|x86.Build.0 = Release|Win32
		{8C036756-CD7A-4C3E-AE1B-3124BD8DE27E}.Debug|x64.ActiveCfg = Debug|x64
		{8C036756-CD7A-4C3E-AE1B-3124BD8DE27E}.Debug|x64.Build.0 = Debug|x64
		{8C036756-CD7A-4C3E-AE1B-3124BD8DE27E}.Debug|x86.ActiveCfg = Debug|Win32
		{8C036756-CD7A-4C3E-AE1B-3124BD8DE27E}.Debug|x86.Build.0 = Debug|Win32
		{8C036756-CD7A-4C3E-AE1B-3124BD8DE27E}.Release|x64.ActiveCfg = Release|x64
		{8C036756-CD7A-4C3E-AE1B-3124BD8DE27E}.Release|x64.Build.0 = Release|x64
		{8C036756-CD7A-4C3E-AE1B-3124BD8DE27E}.Release|x86.ActiveCfg = Release|Win32
		{8C036756-CD7A-4C3E-AE1B-3124BD8DE27E}.Release|x86.Build.0 = Release|Win32
		{59239956-FA78-4C64-8ADA-BCCF2A22CB7E}.Debug|x64.ActiveCfg = Debug|x64
		{59239956-FA78-4C64-8ADA-BCCF2A22CB7E}.Debug|x64.Build.0 = Debug|x64
		{59239956-FA78-4C64-8ADA-BCCF2A22CB7E}.Debug|x86.ActiveCfg = Debug|Win32
		{59239956-FA78-4C64-8ADA-BCCF2A22CB7E}.Debug|x86.Build.0 = Debug|Win32
		{59239956-FA78-4C64-8ADA-BCCF2A22CB7E}.Release|x64.ActiveCfg = Release|x64
		{59239956-FA78-4C64-8ADA-BCCF2A22CB7E}.Release|x64.Build.0 = Release|x64
		{59239956-FA78-4C64-8ADA-BCCF2A22CB7E}.Release|x86.ActiveCfg = Release|Win32
		{59239956-FA78-4C64-8ADA-BCCF2A22CB7E}.Release|x86.Build.0 = Release|Win32
		{D21CD5B2-F0EA-4317-A135-E8A1D521A904}.Debug|x64.ActiveCfg = Debug|x64
		{D21CD5B2-F0EA-4317-A135-E8A1D521A904}.Debug|x64.Build.0 = Debug|x64
		{D21CD5B2-F0EA-4317-A135-E8A1D521A904}.Debug|x86.ActiveCfg = Debug|Win32
		{D21CD5B2-F0EA-4317-A135-E8A1D521A904}.Debug|x86.Build.0 = Debug|Win32
		{D21CD5B2-F0EA-4317-A135-E8A1D521A904}.Release|x64.ActiveCfg = Release|x64
		{D21CD5B2-F0EA-4317-A135-E8A1D521A904}.Release|x64.Build.0 = Release|x64
		{D21CD5B2-F0EA-4317-A135-E8A1D521A904}.Release|x86.ActiveCfg = Release|Win32
		{D21CD5B2-F0EA-4317-A135-E8A1D521A904}.Release|x86.Build.0 = Release|Win32
		{4854F50B-5504-4F32-A205-6B68F05D6FC5}.Debug|x64.ActiveCfg = Debug|x64
		{4854F50B-5504-4F32-A205-6B68F05D6FC5}.Debug|x64.Build.0 = Debug|x64
		{4854F50B-5504-4F32-A205-6B68F05D6FC5}.Debug|x86.ActiveCfg = Debug|Win32
		{4854F50B-5504-4F32-A205-6B68F05D6FC5}.Debug|x86.Build.0 = Debug|Win32
		{4854F50B-5504-4F32-A205-6B68F05D6FC5}.Release|x64.ActiveCfg = Release|x64
		{4854F50B-5504-4F32-A205-6B68F05D6FC5}.Release|x64.Build.0 = Release|x64
		{4854F50B-5504-4F32-A205-6B68F05D6FC5}.Release|x86.ActiveCfg = Release|Win32
		{4854F50B-5504-4F32-A205-6B68F05D6FC5}.Release|x86.Build.0 = Release|Win32
		{C34548AF-4E29-4513-A702-F132242626C3}.Debug|x64.ActiveCfg = Debug|x64
		{C34548AF-4E29-4513-A702-F132242626C3}.Debug|x64.Build.0 = Debug|x64
		{C34548AF-4E29-4513-A702-F132242626C3}.Debug|x86.ActiveCfg = Debug|Win32
		{C34548AF-4E29-4513-A702-F132242626C3}.Debug|x86.Build.0 = Debug|Win32
		{C34548AF-4E29-4513-A702-F132242626C3}.Release|x64.ActiveCfg = Release|x64
		{C34548AF-4E29-4513-A702-F132242626C3}.Release|x64.Build.0 = Release|x64
		{C34548AF-4E29-4513-A702-F132242626C3}.Release|x86.ActiveCfg = Release|Win32
		{C34548AF-4E29-4513-A702-F132242626C3}.Release|x86.Build.0 = Release|Win32
		{6D283294-1BA4-49F0-B542-D38E374EF62D}.Debug|x64.ActiveCfg = Debug|x64
		{6D283294-1BA4-49F0-B542-D38E374EF62D}.Debug|x64.Build.0 = Debug|x64
		{6D283294-1BA4-49F0-B542-D38E374EF62D}.Debug|x86.ActiveCfg = Debug|Win32
		{6D283294-1BA4-49F0-B542-D38E374EF62D}.Debug|x86.Build.0 = Debug|Win32
		{6D283294-1BA4-49F0-B542-D38E374EF62D}.Release|x64.ActiveCfg = Release|x64
		{6D283294-1BA4-49F0-B542-D38E374EF62D}.Release|x64.Build.0 = Release|x64
		{6D283294-1BA4-49F0-B542-D38E374EF62D}.Release|x86.ActiveCfg = Release|Win32
		{6D283294-1BA4-49F0-B542-D38E374EF62D}.Release|x86.Build.0 = Release|Win32
		{185C6F30-7461-4BB5-B97C-3286AB1BAFD6}.Debug|x64.ActiveCfg = Debug|x64
		{185C6F30-7461-4BB5-B97C-3286AB1BAFD6}.Debug|x64.Build.0 = Debug|x64
		{185C6F30-7461-4BB5-B97C-3286AB1BAFD6}.Debug|x86.ActiveCfg = Debug|Win32
		{185C6F30-7461-4BB5-B97C-3286AB1BAFD6}.Debug|x86.Build.0 = Debug|Win32
		{185C6F30-7461-4BB5-B97C-3286AB1BAFD6}.Release|x64.ActiveCfg = Release|x64
		{185C6F30-7461-4BB5-B97C-3286AB1BAFD6}.Release|x64.Build.0 = Release|x64
		{185C6F30-7461-4BB5-B97C-3286AB1BAFD6}.Release|x86.ActiveCfg = Release|Win32
		{185C6F30-7461-4BB5-B97C-3286AB1BAFD6}.Release|x86.Build.0 = Release|Win32
		{41A90A9C-231B-4AA4-A38A-C0A796D2AA73}.Debug|x64.ActiveCfg = Debug|x64
		{41A90A9C-231B-4AA4-A38A-C0A796D2AA73}.Debug|x64.Build.0 = Debug|x64
		{41A90A9C-231B-4AA4-A38A-C0A796D2AA73}.Debug|x86.ActiveCfg = Debug|Win32
		{41A90A9C-231B-4AA4-A38A-C0A796D2AA73}.Debug|x86.Build.0 = Debug|Win32
		{41A90A9C-231B-4AA4-A38A-C0A796D2AA73}.Release|x64.ActiveCfg = Release|x64
		{41A90A9C-231B-4AA4-A38A-C0A796D2AA73}.Release|x64.Build.0 = Release|x64
		{41A90A9C-231B-4AA4-A38A-C0A796D2AA73}.Release|x86.ActiveCfg = Release|Win32
		{41A90A9C-231B-4AA4-A38A-C0A796D2AA73}.Release|x86.Build.0 = Release|Win32
		{C22C69C5-60AA-4C15-837F-7720E3AB6EC5}.Debug|x64.ActiveCfg = Debug|x64
		{C22C69C5-60AA-4C15-837F-7720E3AB6EC5}.Debug|x64.Build.0 = Debug|x64
		{C22C69C5-60AA-4C15-837F-7720E3AB6EC5}.Debug|x86.ActiveCfg = Debug|Win32
		{C22C69C5-60AA-4C15-837F-7720E3AB6EC5}.Debug|x86.Build.0 = Debug|Win32
		{C22C69C5-60AA-4C15-837F-7720E3AB6EC5}.Release|x64.ActiveCfg = Release|x64
		{C22C69C5-60AA-4C15-837F-7720E3AB6EC5}.Release|x64.Build.0 = Release|x64
		{C22C69C5-60AA-4C15-837F-7720E3AB6EC5}.Release|x86.ActiveCfg = Release|Win32
		{C22C69C5-60AA-4C15-837F-7720E3AB6EC5}.Release|x86.Build.0 = Release|Win32
		{EE4EBC0E-2348-4DD7-925A-355C9C5895F3}.Debug|x64.ActiveCfg = Debug|x64
		{EE4EBC0E-2348-4DD7-925A-355C9C5895F3}.Debug|x64.Build.0 = Debug|x64
		{EE4EBC0E-2348-4DD7-925A-355C9C5895F3}.Debug|x86.ActiveCfg = Debug|Win32
		{EE4EBC0E-2348-4DD7-925A-355C9C5895F3}.Debug|x86.Build.0 = Debug|Win32
		{EE4EBC0E-2348-4DD7-925A-355C9C5895F3}.Release|x64.ActiveCfg = Release|x64
		{EE4EBC0E-2348-4DD7-925A-355C9C5895F3}.Release|x64.Build.0 = Release|x64
		{EE4EBC0E-2348-4DD7-925A-355C9C5895F3}.Release|x86.ActiveCfg = Release|Win32
		{EE4EBC0E-2348-4DD7-925A-355C9C5895F3}.Release|x86.Build.0 = Release|Win32
		{8124AD69-B1CE-4622-84B9-780890974E6A}.Debug|x64.ActiveCfg = Debug|x64
		{8124AD69-B1CE-4622-84B9-780890974E6A}.Debug|x64.Build.0 = Debug|x64
		{8124AD69-B1CE-4622-84B9-780890974E6A}.Debug|x86.ActiveCfg = Debug|Win32
		{8124AD69-B1CE-4622-84B9-780890974E6A}.Debug|x86.Build.0 = Debug|Win32
		{8124AD69-B1CE-4622-84B9-780890974E6A}.Release|x64.ActiveCfg = Release|x64
		{8124AD69-B1CE-4622-84B9-780890974E6A}.Release|x64.Build.0 = Release|x64
		{8124AD69-B1CE-4622-84B9-780890974E6A}.Release|x86.ActiveCfg = Release|Win32
		{8124AD69-B1CE-4622-84B9-780890974E6A}.Release|x86.Build.0 = Release|Win32
		{3EB6FD39-1D41-45EC-8962-6036B85AAA84}.Debug|x64.ActiveCfg = Debug|x64
		{3EB6FD39-1D41-45EC-8962-6036B85AAA84}.Debug|x64.Build.0 = Debug|x64
		{3EB6FD39-1D41-45EC-8962-6036B85AAA84}.Debug|x86.ActiveCfg = Debug|Win32
		{3EB6FD39-1D41-45EC-8962-6036B85AAA84}.Debug|x86.Build.0 = Debug|Win32
		{3EB6FD39-1D41-45EC-8962-6036B85AAA84}.Release|x64.ActiveCfg = Release|x64
		{3EB6FD39-1D41-45EC-8962-6036B85AAA84}.Release|x64.Build.0 = Release|x64
		{3EB6FD39-1D41-45EC-8962-6036B85AAA84}.Release|x86.ActiveCfg = Release|Win32
		{3EB6FD39-1D41-45EC-8962-6036B85AAA84}.Release|x86.Build.0 = Release|Win32
		{9C0BE5D6-C719-4A95-8541-15F0698D730E}.Debug|x64.ActiveCfg = Debug|x64
		{9C0BE5D6-C719-4A95-8541-15F0698D730E}.Debug|x64.Build.0 = Debug|x64
		{9C0BE5D6-C719-4A95-8541-15F0698D730E}.Debug|x86.ActiveCfg = Debug|Win32
		{9C0BE5D6-C719-4A95-8541-15F0698D730E}.Debug|x86.Build.0 = Debug|Win32
		{9C0BE5D6-C719-4A95-8541-15F0698D730E}.Release|x64.ActiveCfg = Release|x64
		{9C0BE5D6-C719-4A95-8541-15F0698D730E}.Release|x64.Build.0 = Release|x64
		{9C0BE5D6-C719-4A95-8541-15F0698D730E}.Release|x86.ActiveCfg = Release|Win32
		{9C0BE5D6-C719-4A95-8541-15F0698D730E}.Release|x86.Build.0 = Release|Win32
		{38475700-576A-497F-AF6F-D704B97B7739}.Debug|x64.ActiveCfg = Debug|x64
		{38475700-576A-497F-AF6F-D704B97B7739}.Debug|x64.Build.0 = Debug|x64
		{38475700-576A-497F-AF6F-D704B97B7739}.Debug|x86.ActiveCfg = Debug|Win32
		{38475700-576A-497F-AF6F-D704B97B7739}.Debug|x86.Build.0 = Debug|Win32
		{38475700-576A-497F-AF6F-D704B97B7739}.Release|x64.ActiveCfg = Release|x64
		{38475700-576A-497F-AF6F-D704B97B7739}.Release|x64.Build.0 = Release|x64
		{38475700-576A-497F-AF6F-D704B97B7739}.Release|x86.ActiveCfg = Release|Win32
		{38475700-576A-497F-AF6F-D704B97B7739}.Release|x86.Build.0 = Release|Win32
		{AAC6B7E4-D24F-4F8D-8019-1CFB55AA4918}.Debug|x64.ActiveCfg = Debug|x64
		{AAC6B7E4-D24F-4F8D-8019-1CFB55AA4918}.Debug|x64.Build.0 = Debug|x64
		{AAC6B7E4-D24F-4F8D-8019-1CFB55AA4918}.Debug|x86.ActiveCfg = Debug|Win32
		{AAC6B7E4-D24F-4F8D-8019-1CFB55AA4918}.Debug|x86.Build.0 = Debug|Win32
		{AAC6B7E4-D24F-4F8D-8019-1CFB55AA4918}.Release|x64.ActiveCfg = Release|x64
		{AAC6B7E4-D24F-4F8D-8019-1CFB55AA4918}.Release|x64.Build.0 = Release|x64
		{AAC6B7E4-D24F-4F8D-8019-1CFB55AA4918}.Release|x86.ActiveCfg = Release|Win32
		{AAC6B7E4-D24F-4F8D-8019-1CFB55AA4918}.Release|x86.Build.0 = Release|Win32
		{93704582-E110-4C3F-852E-A5E37CC46738}.Debug|x64.ActiveCfg = Debug|x64
		{93704582-E110-4C3F-852E-A5E37CC46738}.Debug|x64.Build.0 = Debug|x64
		{93704582-E110-4C3F-852E-A5E37CC46738}.Debug|x86.ActiveCfg = Debug|Win32
		{93704582-E110-4C3F-852E-A5E37CC46738}.Debug|x86.Build.0 = Debug|Win32
		{93704582-E110-4C3F-852E-A5E37CC46738}.Release|x64.ActiveCfg = Release|x64
		{93704582-E110-4C3F-852E-A5E37CC46738}.Release|x64.Build.0 = Release|x64
		{93704582-E110-4C3F-852E-A5E37CC46738}.Release|x86.ActiveCfg = Release|Win32
		{93704582-E110-4C3F-852E-A5E37CC46738}.Release|x86.Build.0 = Release|Win32
		{9526398B-E94C-43BF-AAC4-25EA935286D2}.Debug|x64.ActiveCfg = Debug|x64
		{9526398B-E94C-43BF-AAC4-25EA935286D2}.Debug|x64.Build.0 = Debug|x64
		{9526398B-E94C-43BF-AAC4-25EA935286D2}.Debug|x86.ActiveCfg = Debug|Win32
		{9526398B-E94C-43BF-AAC4-25EA935286D2}.Debug|x86.Build.0 = Debug|Win32
		{9526398B-E94C-43BF-AAC4-25EA935286D2}.Release|x64.ActiveCfg = Release|x64
		{9526398B-E94C-43BF-AAC4-25EA935286D2}.Release|x64.Build.0 = Release|x64
		{9526398B-E94C-43BF-AAC4-25EA935286D2}.Release|x86.ActiveCfg = Release|Win32
		{9526398B-E94C-43BF-AAC4-25EA935286D2}.Release|x86.Build.0 = Release|Win32
		{146DAD41-2EB7-4F09-A462-0504D3EACBA2}.Debug|x64.ActiveCfg = Debug|x64
		{146DAD41-2EB7-4F09-A462-0504D3EACBA2}.Debug|x64.Build.0 = Debug|x64
		{146DAD41-2EB7-4F09-A462-0504D3EACBA2}.Debug|x86.ActiveCfg = Debug|Win32
		{146DAD41-2EB7-4F09-A462-0504D3EACBA2}.Debug|x86.Build.0 = Debug|Win32
		{146DAD41-2EB7-4F09-A462-0504D3EACBA2}.Release|x64.ActiveCfg = Release|x64
		{146DAD41-2EB7-4F09-A462-0504D3EACBA2}.Release|x64.Build.0 = Release|x64
		{146DAD41-2EB7-4F09-A462-0504D3EACBA2}.Release|x86.ActiveCfg = Release|Win32
		{146DAD41-2EB7-4F09-A462-0504D3EACBA2}.Release|x86.Build.0 = Release|Win32
		{D1A30AA4-5A70-483B-88B0-F2DE293B3591}.Debug|x64.ActiveCfg = Debug|x64
		{D1A30AA4-5A70-483B-88B0-F2DE293B3591}.Debug|x64.Build.0 = Debug|x64
		{D1A30AA4-5A70-483B-88B0-F2DE293B3591}.Debug|x86.ActiveCfg = Debug|Win32
		{D1A30AA4-5A70-483B-88B0-F2DE293B3591}.Debug|x86.Build.0 = Debug|Win32
		{D1A30AA4-5A70-483B-88B0-F2DE293B3591}.Release|x64.ActiveCfg = Release|x64
		{D1A30AA4-5A70-483B-88B0-F2DE293B3591}.Release|x64.Build.0 = Release|x64
		{D1A30AA4-5A70-483B-88B0-F2DE293B3591}.Release|x86.ActiveCfg = Release|Win32
		{D1A30AA4-5A70-483B-88B0-F2DE293B3591}.Release|x86.Build.0 = Release|Win32
		{15796BC9-92B5-4B0B-9D43-E63D6B1E0A42}.Debug|x64.ActiveCfg = Debug|x64
		{15796BC9-92B5-4B0B-9D43-E63D6B1E0A42}.Debug|x64.Build.0 = Debug|x64
		{15796BC9-92B5-4B0B-9D43-E63D6B1E0A42}.Debug|x86.ActiveCfg = Debug|Win32
		{15796BC9-92B5-4B0B-9D43-E63D6B1E0A42}.Debug|x86.Build.0 = Debug|Win32
		{15796BC9-92B5-4B0B-9D43-E63D6B1E0A42}.Release|x64.ActiveCfg = Release|x64
		{15796BC9-92B5-4B0B-9D43-E63D6B1E0A42}.Release|x64.Build.0 = Release|x64
		{15796BC9-92B5-4B0B-9D43-E63D6B1E0A42}.Release|x86.ActiveCfg = Release|Win32
		{15796BC9-92B5-4B0B-9D43-E63D6B1E0A42}.Release|x86.Build.0 = Release|Win32
		{939EF9A9-B138-4EFB-8E49-C58FD103672E}.Debug|x64.ActiveCfg = Debug|x64
		{939EF9A9-B138-4EFB-8E49-C58FD103672E}.Debug|x64.Build.0 = Debug|x64
		{939EF9A9-B138-4EFB-8E49-C58FD103672E}.Debug|x86.ActiveCfg = Debug|Win32
		{939EF9A9-B138-4EFB-8E49-C58FD103672E}.Debug|x86.Build.0 = Debug|Win32
		{939EF9A9-B138-4EFB-8E49-C58FD103672E}.Release|x64.ActiveCfg = Release|x64
		{939EF9A9-B138-4EFB-8E49-C58FD103672E}.Release|x64.Build.0 = Release|x64
		{939EF9A9-B138-4EFB-8E49-C58FD103672E}.Release|x86.ActiveCfg = Release|Win32
		{939EF9A9-B138-4EFB-8E49-C58FD103672E}.Release|x86.Build.0 = Release|Win32
		{17DBD436-82AE-40D8-94AA-8CFA73374790}.Debug|x64.ActiveCfg = Debug|x64
		{17DBD436-82AE-40D8-94AA-8CFA73374790}.Debug|x64.Build.0 = Debug|x64
		{17DBD436-82AE-40D8-94AA-8CFA73374790}.Debug|x86.ActiveCfg = Debug|Win32
		{17DBD436-82AE-40D8-94AA-8CFA73374790}.Debug|x86.Build.0 = Debug|Win32
		{17DBD436-82AE-40D8-94AA-8CFA73374790}.Release|x64.ActiveCfg = Release|x64
		{17DBD436-82AE-40D8-94AA-8CFA73374790}.Release|x64.Build.0 = Release|x64
		{17DBD436-82AE-40D8-94AA-8CFA73374790}.Release|x86.ActiveCfg = Release|Win32
		{17DBD436-82AE-40D8-94AA-8CFA73374790}.Release|x86.Build.0 = Release|Win32
		{AD252B47-79ED-48AC-9ABD-B9A3C881D3A8}.Debug|x64.ActiveCfg = Debug|x64
		{AD252B47-79ED-48AC-9ABD-B9A3C881D3A8}.Debug|x64.Build.0 = Debug|x64
		{AD252B47-79ED-48AC-9ABD-B9A3C881D3A8}.Debug|x86.ActiveCfg = Debug|Win32
		{AD252B47-79ED-48AC-9ABD-B9A3C881D3A8}.Debug|x86.Build.0 = Debug|Win32
		{AD252B47-79ED-48AC-9ABD-B9A3C881D3A8}.Release|x64.ActiveCfg = Release|x64
		{AD252B47-79ED-48AC-9ABD-B9A3C881D3A8}.Release|x64.Build.0 = Release|x64
		{AD252B47-79ED-48AC-9ABD-B9A3C881D3A8}.Release|x86.ActiveCfg = Release|Win32
		{AD252B47-79ED-48AC-9ABD-B9A3C881D3A8}.Release|x86.Build.0 = Release|Win32
		{49EEC445-6C04-43FA-AA33-13937AC6B37B}.Debug|x64.ActiveCfg = Debug|x64
		{49EEC445-6C04-43FA-AA33-13937AC6B37B}.Debug|x64.Build.0 = Debug|x64
		{49EEC445-6C04-43FA-AA33-13937AC6B37B}.Debug|x86.ActiveCfg = Debug|Win32
		{49EEC445-6C04-43FA-AA33-13937AC6B37B}.Debug|x86.Build.0 = Debug|Win32
		{49EEC445-6C04-43FA-AA33-13937AC6B37B}.Release|x64.ActiveCfg = Release|x64
		{49EEC445-6C04-43FA-AA33-13937AC6B37B}.Release|x64.Build.0 = Release|x64
		{49EEC445-6C04-43FA-AA33-13937AC6B37B}.Release|x86.ActiveCfg = Release|Win32
		{49EEC445-6C04-43FA-AA33-13937AC6B37B}.Release|x86.Build.0 = Release|Win32
		{3A971274-6A42-4A53-A0EA-BD1432B8BE3D}.Debug|x64.ActiveCfg = Debug|x64
		{3A971274-6A42-4A53-A0EA-BD1432B8BE3D}.Debug|x64.Build.0 = Debug|x64
		{3A971274-6A42-4A53-A0EA-BD1432B8BE3D}.Debug|x86.ActiveCfg = Debug|Win32
		{3A971274-6A42-4A53-A0EA-BD1432B8BE3D}.Debug|x86.Build.0 = Debug|Win32
		{3A971274-6A42-4A53-A0EA-BD1432B8BE3D}.Release|x64.ActiveCfg = Release|x64
		{3A971274-6A42-4A53-A0EA-BD1432B8BE3D}.Release|x64.Build.0 = Release|x64
		{3A971274-6A42-4A53-A0EA-BD1432B8BE3D}.Release|x86.ActiveCfg = Release|Win32
		{3A971274-6A42-4A53-A0EA-BD1432B8BE3D}.Release|x86.Build.0 = Release|Win32
		{A40C450E-A6B8-48E4-A7B3-DE7231FDDBDC}.Debug|x64.ActiveCfg = Debug|x64
		{A40C450E-A6B8-48E4-A7B3-DE7231FDDBDC}.Debug|x64.Build.0 = Debug|x64
		{A40C450E-A6B8-48E4-A7B3-DE7231FDDBDC}.Debug|x86.ActiveCfg = Debug|Win32
		{A40C450E-A6B8-48E4-A7B3-DE7231FDDBDC}.Debug|x86.Build.0 = Debug|Win32
		{A40C450E-A6B8-48E4-A7B3-DE7231FDDBDC}.Release|x64.ActiveCfg = Release|x64
		{A40C450E-A6B8-48E4-A7B3-DE7231FDDBDC}.Release|x64.Build.0 = Release|x64
		{A40C450E-A6B8-48E4-A7B3-DE7231FDDBDC}.Release|x86.ActiveCfg = Release|Win32
		{A40C450E-A6B8-48E4-A7B3-DE7231FDDBDC}.Release|x86.Build.0 = Release|Win32
		{B647AFC5-5FB8-40F8-9FE7-7A2B3AA23D65}.Debug|x64.ActiveCfg = Debug|x64
		{B647AFC5-5FB8-40F8-9FE7-7A2B3AA23D65}.Debug|x64.Build.0 = Debug|x64
		{B647AFC5-5FB8-40F8-9FE7-7A2B3AA23D65}.Debug|x86.ActiveCfg = Debug|Win32
		{B647AFC5-5FB8-40F8-9FE7-7A2B3AA23D65}.Debug|x86.Build.0 = Debug|Win32
		{B647AFC5-5FB8-40F8-9FE7-7A2B3AA23D65}.Release|x64.ActiveCfg = Release|x64
		{B647AFC5-5FB8-40F8-9FE7-7A2B3AA23D65}.Release|x64.Build.0 = Release|x64
		{B647AFC5-5FB8-40F8-9FE7-7A2B3AA23D65}.Release|x86.ActiveCfg = Release|Win32
		{B647AFC5-5FB8-40F8-9FE7-7A2B3AA23D65}.Release|x86.Build.0 = Release|Win32
		{78F38609-C7E7-4D2F-8431-C411B5C742BA}.Debug|x64.ActiveCfg = Debug|x64
		{78F38609-C7E7-4D2F-8431-C411B5C742BA}.Debug|x64.Build.0 = Debug|x64
		{78F38609-C7E7-4D2F-8431-C411B5C742BA}.Debug|x86.ActiveCfg = Debug|Win32
		{78F38609-C7E7-4D2F-8431-C411B5C742BA}.Debug|x86.Build.0 = Debug|Win32
		{78F38609-C7E7-4D2F-8431-C411B5C742BA}.Release|x64.ActiveCfg = Release|x64
		{78F38609-C7E7-4D2F-8431-C411B5C742BA}.Release|x64.Build.0 = Release|x64
		{78F38609-C7E7-4D2F-8431-C411B5C742BA}.Release|x86.ActiveCfg = Release|Win32
		{78F38609-C7E7-4D2F-8431-C411B5C742BA}.Release|x86.Build.0 = Release|Win32
		{6A7377BE-82F2-4BC3-98D1-47B5BB5B25B5}.Debug|x64.ActiveCfg = Debug|x64
		{6A7377BE-82F2-4BC3-98D1-47B5BB5B25B5}.Debug|x64.Build.0 = Debug|x64
		{6A7377BE-82F2-4BC3-98D1-47B5BB5B25B5}.Debug|x86.ActiveCfg = Debug|Win32
		{6A7377BE-82F2-4BC3-98D1-47B5BB5B25B5}.Debug|x86.Build.0 = Debug|Win32
		{6A7377BE-82F2-4BC3-98D1-47B5BB5B25B5}.Release|x64.ActiveCfg = Release|x64
		{6A7377BE-82F2-4BC3-98D1-47B5BB5B25B5}.Release|x64.Build.0 = Release|x64
		{6A7377BE-82F2-4BC3-98D1-47B5BB5B25B5}.Release|x86.ActiveCfg = Release|Win32
		{6A7377BE-82F2-4BC3-98D1-47B5BB5B25B5}.Release|x86.Build.0 = Release|Win32
		{5FDDE606-7EE0-48B9-A514-3FAFFD26538D}.Debug|x64.ActiveCfg = Debug|x64
		{5FDDE606-7EE0-48B9-A514-3FAFFD26538D}.Debug|x64.Build.0 = Debug|x64
		{5FDDE606-7EE0-48B9-A514-3FAFFD26538D}.Debug|x86.ActiveCfg = Debug|Win32
		{5FDDE606-7EE0-48B9-A514-3FAFFD26538D}.Debug|x86.Build.0 = Debug|Win32
		{5FDDE606-7EE0-48B9-A514-3FAFFD26538D}.Release|x64.ActiveCfg = Release|x64
		{5FDDE606-7EE0-48B9-A514-3FAFFD26538D}.Release|x64.Build.0 = Release|x64
		{5FDDE606-7EE0-48B9-A514-3FAFFD26538D}.Release|x86.ActiveCfg = Release|Win32
		{5FDDE606-7EE0-48B9-A514-3FAFFD26538D}.Release|x86.Build.0 = Release|Win32
		{CB99AAFD-F75D-4D2A-ADAF-CD794560ED29}.Debug|x64.ActiveCfg = Debug|x64
		{CB99AAFD-F75D-4D2A-ADAF-CD794560ED29}.Debug|x64.Build.0 = Debug|x64
		{CB99AAFD-F75D-4D2A-ADAF-CD794560ED29}.Debug|x86.ActiveCfg = Debug|Win32
		{CB99AAFD-F75D-4D2A-ADAF-CD794560ED29}.Debug|x86.Build.0 = Debug|Win32
		{CB99AAFD-F75D-4D2A-ADAF-CD794560ED29}.Release|x64.ActiveCfg = Release|x64
		{CB99AAFD-F75D-4D2A-ADAF-CD794560ED29}.Release|x64.Build.0 = Release|x64
		{CB99AAFD-F75D-4D2A-ADAF-CD794560ED29}.Release|x86.ActiveCfg = Release|Win32
		{CB99AAFD-F75D-4D2A-ADAF-CD794560ED29}.Release|x86.Build.0 = Release|Win32
		{C281110A-B4F7-4232-BFD6-5E86C2962046}.Debug|x64.ActiveCfg = Debug|x64
		{C281110A-B4F7-4232-BFD6-5E86C2962046}.Debug|x64.Build.0 = Debug|x64
		{C281110A-B4F7-4232-BFD6-5E86C2962046}.Debug|x86.ActiveCfg = Debug|Win32
		{C281110A-B4F7-4232-BFD6-5E86C2962046}.Debug|x86.Build.0 = Debug|Win32
		{C281110A-B4F7-4232-BFD6-5E86C2962046}.Release|x64.ActiveCfg = Release|x64
		{C281110A-B4F7-4232-BFD6-5E86C2962046}.Release|x64.Build.0 = Release|x64
		{C281110A-B4F7-4232-BFD6-5E86C2962046}.Release|x86.ActiveCfg = Release|Win32
		{C281110A-B4F7-4232-BFD6-5E86C2962046}.Release|x86.Build.0 = Release|Win32
		{A971F7ED-39C8-4E5C-B817-B4E01A6AD08D}.Debug|x64.ActiveCfg = Debug|x64
		{A971F7ED-39C8-4E5C-B817-B4E01A6AD08D}.Debug|x64.Build.0 = Debug|x64
		{A971F7ED-39C8-4E5C-B817-B4E01A6AD08D}.Debug|x86.ActiveCfg = Debug|Win32
		{A971F7ED-39C8-4E5C-B817-B4E01A6AD08D}.Debug|x86.Build.0 = Debug|Win32
		{A971F7ED-39C8-4E5C-B817-B4E01A6AD08D}.Release|x64.ActiveCfg = Release|x64
		{A971F7ED-39C8-4E5C-B817-B4E01A6AD08D}.Release|x64.Build.0 = Release|x64
		{A971F7ED-39C8-4E5C-B817-B4E01A6AD08D}.Release|x86.ActiveCfg = Release|Win32
		{A971F7ED-39C8-4E5C-B817-B4E01A6AD08D}.Release|x86.Build.0 = Release|Win32
		{A023669E-6141-4A15-89B3-E9B8A3573FDF}.Debug|x64.ActiveCfg = Debug|x64
		{A023669E-6141-4A15-89B3-E9B8A3573FDF}.Debug|x64.Build.0 = Debug|x64
		{A023669E-6141-4A15-89B3-E9B8A3573FDF}.Debug|x86.ActiveCfg = Debug|Win32
		{A023669E-6141-4A15-89B3-E9B8A3573FDF}.Debug|x86.Build.0 = Debug|Win32
		{A023669E-6141-4A15-89B3-E9B8A3573FDF}.Release|x64.ActiveCfg = Release|x64
		{A023669E-6141-4A15-89B3-E9B8A3573FDF}.Release|x64.Build.0 = Release|x64
		{A023669E-6141-4A15-89B3-E9B8A3573FDF}.Release|x86.ActiveCfg = Release|Win32
		{A023669E-6141-4A15-89B3-E9B8A3573FDF}.Release|x86.Build.0 = Release|Win32
		{FE5808A0-91F4-4F1D-AA29-7AB595C20301}.Debug|x64.ActiveCfg = Debug|x64
		{FE5808A0-91F4-4F1D-AA29-7AB595C20301}.Debug|x64.Build.0 = Debug|x64
		{FE5808A0-91F4-4F1D-AA29-7AB595C20301}.Debug|x86.ActiveCfg = Debug|Win32
		{FE5808A0-91F4-4F1D-AA29-7AB595C20301}.Debug|x86.Build.0 = Debug|Win32
		{FE5808A0-91F4-4F1D-AA29-7AB595C20301}.Release|x64.ActiveCfg = Release|x64
		{FE5808A0-91F4-4F1D-AA29-7AB595C20301}.Release|x64.Build.0 = Release|x64
		{FE5808A0-91F4-4F1D-AA29-7AB595C20301}.Release|x86.ActiveCfg = Release|Win32
		{FE5808A0-91F4-4F1D-AA29-7AB595C20301}.Release|x86.Build.0 = Release|Win32
		{999CE3FE-4308-4789-8C0B-5BC34A5F93C8}.Debug|x64.ActiveCfg = Debug|x64
		{999CE3FE-4308-4789-8C0B-5BC34A5F93C8}.Debug|x64.Build.0 = Debug|x64
		{999CE3FE-4308-4789-8C0B-5BC34A5F93C8}.Debug|x86.ActiveCfg = Debug|Win32
		{999CE3FE-4308-4789-8C0B-5BC34A5F93C8}.Debug|x86.Build.0 = Debug|Win32
		{999CE3FE-4308-4789-8C0B-5BC34A5F93C8}.Release|x64.ActiveCfg = Release|x64
		{999CE3FE-4308-4789-8C0B-5BC34A5F93C8}.Release|x64.Build.0 = Release|x64
		{999CE3FE-4308-4789-8C0B-5BC34A5F93C8}.Release|x86.ActiveCfg = Release|Win32
		{999CE3FE-4308-4789-8C0B-5BC34A5F93C8}.Release|x86.Build.0 = Release|Win32
		{73CA6B8E-87C2-41F0-B2D2-62685ED80382}.Debug|x64.ActiveCfg = Debug|x64
		{73CA6B8E-87C2-41F0-B2D2-62685ED80382}.Debug|x64.Build.0 = Debug|x64
		{73CA6B8E-87C2-41F0-B2D2-62685ED80382}.Debug|x86.ActiveCfg = Debug|Win32
		{73CA6B8E-87C2-41F0-B2D2-62685ED80382}.Debug|x86.Build.0 = Debug|Win32
		{73CA6B8E-87C2-41F0-B2D2-62685ED80382}.Release|x64.ActiveCfg = Release|x64
		{73CA6B8E-87C2-41F0-B2D2-62685ED80382}.Release|x64.Build.0 = Release|x64
		{73CA6B8E-87C2-41F0-B2D2-62685ED80382}.Release|x86.ActiveCfg = Release|Win32
		{73CA6B8E-87C2-41F0-B2D2-62685ED80382}.Release|x86.Build.0 = Release|Win32
		{1AC215E9-E213-432B-86E3-17B1C1B47736}.Debug|x64.ActiveCfg = Debug|x64
		{1AC215E9-E213-432B-86E3-17B1C1B47736}.Debug|x64.Build.0 = Debug|x64
		{1AC215E9-E213-432B-86E3-17B1C1B47736}.Debug|x86.ActiveCfg = Debug|Win32
		{1AC215E9-E213-432B-86E3-17B1C1B47736}.Debug|x86.Build.0 = Debug|Win32
		{1AC215E9-E213-432B-86E3-17B1C1B47736}.Release|x64.ActiveCfg = Release|x64
		{1AC215E9-E213-432B-86E3-17B1C1B47736}.Release|x64.Build.0 = Release|x64
		{1AC215E9-E213-432B-86E3-17B1C1B47736}.Release|x86.ActiveCfg = Release|Win32
		{1AC215E9-E213-432B-86E3-17B1C1B47736}.Release|x86.Build.0 = Release|Win32
		{C3666FCB-61AC-4FF2-98B4-05C7E43936D7}.Debug|x64.ActiveCfg = Debug|x64
		{C3666FCB-61AC-4FF2-98B4-05C7E43936D7}.Debug|x64.Build.0 = Debug|x64
		{C3666FCB-61AC-4FF2-98B4-05C7E43936D7}.Debug|x86.ActiveCfg = Debug|Win32
		{C3666FCB-61AC-4FF2-98B4-05C7E43936D7}.Debug|x86.Build.0 = Debug|Win32
		{C3666FCB-61AC-4FF2-98B4-05C7E43936D7}.Release|x64.ActiveCfg = Release|x64
		{C3666FCB-61AC-4FF2-98B4-05C7E43936D7}.Release|x64.Build.0 = Release|x64
		{C3666FCB-61AC-4FF2-98B4-05C7E43936D7}.Release|x86.ActiveCfg = Release|Win32
		{C3666FCB-61AC-4FF2-98B4-05C7E43936D7}.Release|x86.Build.0 = Release|Win32
	EndGlobalSection
	GlobalSection(SolutionProperties) = preSolution
		HideSolutionNode = FALSE
	EndGlobalSection
	GlobalSection(NestedProjects) = preSolution
		{3C1E7941-8DDF-4FAE-B5C1-A8F8B11C6774} = {B0D5BEF9-744A-4F09-8DE8-835675B24B59}
		{0CECDE68-A2AC-406C-9371-0BB587525A57} = {6375D942-3356-4CDB-81D4-88CE47DB13C8}
		{EFBDE93C-CF7D-4F38-997A-A3114824E916} = {0CECDE68-A2AC-406C-9371-0BB587525A57}
		{A3F5DACF-3319-4FBA-9D5F-E1139E8A006B} = {0CECDE68-A2AC-406C-9371-0BB587525A57}
		{EA172953-E0A9-4FA2-AA71-AA9B5F3CEF8D} = {0CECDE68-A2AC-406C-9371-0BB587525A57}
		{032D0481-868D-4867-8844-24E49E0284FC} = {0CECDE68-A2AC-406C-9371-0BB587525A57}
		{855FC470-BFE4-43B8-A74B-80B4E6262440} = {0CECDE68-A2AC-406C-9371-0BB587525A57}
		{8C036756-CD7A-4C3E-AE1B-3124BD8DE27E} = {0CECDE68-A2AC-406C-9371-0BB587525A57}
		{59239956-FA78-4C64-8ADA-BCCF2A22CB7E} = {0CECDE68-A2AC-406C-9371-0BB587525A57}
		{D21CD5B2-F0EA-4317-A135-E8A1D521A904} = {0CECDE68-A2AC-406C-9371-0BB587525A57}
		{4854F50B-5504-4F32-A205-6B68F05D6FC5} = {0CECDE68-A2AC-406C-9371-0BB587525A57}
		{C34548AF-4E29-4513-A702-F132242626C3} = {0CECDE68-A2AC-406C-9371-0BB587525A57}
		{6D283294-1BA4-49F0-B542-D38E374EF62D} = {0428DD66-6238-4942-B3CC-E5922D59DB0A}
		{185C6F30-7461-4BB5-B97C-3286AB1BAFD6} = {0CECDE68-A2AC-406C-9371-0BB587525A57}
		{6CDF553B-9895-4C24-974F-9EA8776FEBE3} = {6375D942-3356-4CDB-81D4-88CE47DB13C8}
		{41A90A9C-231B-4AA4-A38A-C0A796D2AA73} = {6CDF553B-9895-4C24-974F-9EA8776FEBE3}
		{C22C69C5-60AA-4C15-837F-7720E3AB6EC5} = {0CECDE68-A2AC-406C-9371-0BB587525A57}
		{EE4EBC0E-2348-4DD7-925A-355C9C5895F3} = {0CECDE68-A2AC-406C-9371-0BB587525A57}
		{8124AD69-B1CE-4622-84B9-780890974E6A} = {0CECDE68-A2AC-406C-9371-0BB587525A57}
		{3EB6FD39-1D41-45EC-8962-6036B85AAA84} = {6CDF553B-9895-4C24-974F-9EA8776FEBE3}
		{9C0BE5D6-C719-4A95-8541-15F0698D730E} = {0428DD66-6238-4942-B3CC-E5922D59DB0A}
		{38475700-576A-497F-AF6F-D704B97B7739} = {0CECDE68-A2AC-406C-9371-0BB587525A57}
		{AAC6B7E4-D24F-4F8D-8019-1CFB55AA4918} = {0CECDE68-A2AC-406C-9371-0BB587525A57}
		{93704582-E110-4C3F-852E-A5E37CC46738} = {0CECDE68-A2AC-406C-9371-0BB587525A57}
		{9526398B-E94C-43BF-AAC4-25EA935286D2} = {0CECDE68-A2AC-406C-9371-0BB587525A57}
		{146DAD41-2EB7-4F09-A462-0504D3EACBA2} = {0CECDE68-A2AC-406C-9371-0BB587525A57}
		{D1A30AA4-5A70-483B-88B0-F2DE293B3591} = {0CECDE68-A2AC-406C-9371-0BB587525A57}
		{15796BC9-92B5-4B0B-9D43-E63D6B1E0A42} = {0CECDE68-A2AC-406C-9371-0BB587525A57}
		{939EF9A9-B138-4EFB-8E49-C58FD103672E} = {0CECDE68-A2AC-406C-9371-0BB587525A57}
		{17DBD436-82AE-40D8-94AA-8CFA73374790} = {0CECDE68-A2AC-406C-9371-0BB587525A57}
		{AD252B47-79ED-48AC-9ABD-B9A3C881D3A8} = {0CECDE68-A2AC-406C-9371-0BB587525A57}
		{49EEC445-6C04-43FA-AA33-13937AC6B37B} = {6CDF553B-9895-4C24-974F-9EA8776FEBE3}
		{3A971274-6A42-4A53-A0EA-BD1432B8BE3D} = {0CECDE68-A2AC-406C-9371-0BB587525A57}
		{A40C450E-A6B8-48E4-A7B3-DE7231FDDBDC} = {0CECDE68-A2AC-406C-9371-0BB587525A57}
		{B647AFC5-5FB8-40F8-9FE7-7A2B3AA23D65} = {0CECDE68-A2AC-406C-9371-0BB587525A57}
		{78F38609-C7E7-4D2F-8431-C411B5C742BA} = {0CECDE68-A2AC-406C-9371-0BB587525A57}
		{6A7377BE-82F2-4BC3-98D1-47B5BB5B25B5} = {0CECDE68-A2AC-406C-9371-0BB587525A57}
		{5FDDE606-7EE0-48B9-A514-3FAFFD26538D} = {0CECDE68-A2AC-406C-9371-0BB587525A57}
		{CB99AAFD-F75D-4D2A-ADAF-CD794560ED29} = {0CECDE68-A2AC-406C-9371-0BB587525A57}
		{C281110A-B4F7-4232-BFD6-5E86C2962046} = {0CECDE68-A2AC-406C-9371-0BB587525A57}
		{A971F7ED-39C8-4E5C-B817-B4E01A6AD08D} = {0CECDE68-A2AC-406C-9371-0BB587525A57}
		{A023669E-6141-4A15-89B3-E9B8A3573FDF} = {6CDF553B-9895-4C24-974F-9EA8776FEBE3}
		{FE5808A0-91F4-4F1D-AA29-7AB595C20301} = {281008C2-79B2-4F7E-80D7-4A3F46DD3378}
		{999CE3FE-4308-4789-8C0B-5BC34A5F93C8} = {0CECDE68-A2AC-406C-9371-0BB587525A57}
		{73CA6B8E-87C2-41F0-B2D2-62685ED80382} = {0CECDE68-A2AC-406C-9371-0BB587525A57}
		{1AC215E9-E213-432B-86E3-17B1C1B47736} = {0CECDE68-A2AC-406C-9371-0BB587525A57}
		{C3666FCB-61AC-4FF2-98B4-05C7E43936D7} = {6CDF553B-9895-4C24-974F-9EA8776FEBE3}
	EndGlobalSection
	GlobalSection(ExtensibilityGlobals) = postSolution
		SolutionGuid = {22793FDD-3261-4421-BA02-ADEB847FB562}
	EndGlobalSection
EndGlobal
