<?xml version="1.0" encoding="utf-8"?>
<Project ToolsVersion="4.0" xmlns="http://schemas.microsoft.com/developer/msbuild/2003">
  <ItemGroup>
    <Filter Include="IO">
      <UniqueIdentifier>{b822cbbf-bae7-4153-b3dc-6c69cd62df7e}</UniqueIdentifier>
    </Filter>
    <Filter Include="pch">
      <UniqueIdentifier>{209faec2-449a-4d6d-bcd2-b0d69834e0d6}</UniqueIdentifier>
    </Filter>
    <Filter Include="Management">
      <UniqueIdentifier>{b2b4d029-bb5a-4a20-b016-34dc17f7aa24}</UniqueIdentifier>
    </Filter>
    <Filter Include="Common">
      <UniqueIdentifier>{01ca377f-9df6-4c7b-be29-2a90e2d2a136}</UniqueIdentifier>
    </Filter>
    <Filter Include="Transaction">
      <UniqueIdentifier>{850b8d3b-d626-45a5-90d1-8e168334ff56}</UniqueIdentifier>
    </Filter>
    <Filter Include="Transaction\DepthInpainting">
      <UniqueIdentifier>{753daa01-87e7-4a44-a4f4-4fbff90ad271}</UniqueIdentifier>
    </Filter>
    <Filter Include="Transaction\Surface">
      <UniqueIdentifier>{db261ad8-50e9-4729-a56a-1c365d7628fc}</UniqueIdentifier>
    </Filter>
  </ItemGroup>
  <ItemGroup>
    <None Include="packages.config" />
  </ItemGroup>
  <ItemGroup>
    <ClInclude Include="PCLoader.h">
      <Filter>IO</Filter>
    </ClInclude>
    <ClInclude Include="pch.h">
      <Filter>pch</Filter>
    </ClInclude>
    <ClInclude Include="framework.h">
      <Filter>pch</Filter>
    </ClInclude>
    <ClInclude Include="PC.h">
      <Filter>Management</Filter>
    </ClInclude>
    <ClInclude Include="PCPLYLoader.h">
      <Filter>IO</Filter>
    </ClInclude>
    <ClInclude Include="DataCommon.h">
      <Filter>Common</Filter>
    </ClInclude>
    <ClInclude Include="PCSaver.h">
      <Filter>IO</Filter>
    </ClInclude>
    <ClInclude Include="PCPLYSaver.h">
      <Filter>IO</Filter>
    </ClInclude>
    <ClInclude Include="SolverBuilder.h">
      <Filter>Transaction\DepthInpainting</Filter>
    </ClInclude>
    <ClInclude Include="DepthInpainting.h">
      <Filter>Transaction\DepthInpainting</Filter>
    </ClInclude>
    <ClInclude Include="PCLASLoader.h">
      <Filter>IO</Filter>
    </ClInclude>
    <ClInclude Include="Surface2CloudMapper.h">
      <Filter>Transaction\Surface</Filter>
    </ClInclude>
    <ClInclude Include="PCManagement.h">
      <Filter>Management</Filter>
    </ClInclude>
    <ClInclude Include="ImageInpainting.h">
      <Filter>Transaction\DepthInpainting</Filter>
    </ClInclude>
  </ItemGroup>
  <ItemGroup>
    <ClCompile Include="pch.cpp">
      <Filter>pch</Filter>
    </ClCompile>
    <ClCompile Include="PCLoader.cpp">
      <Filter>IO</Filter>
    </ClCompile>
    <ClCompile Include="PC.cpp">
      <Filter>Management</Filter>
    </ClCompile>
    <ClCompile Include="PCPLYLoader.cpp">
      <Filter>IO</Filter>
    </ClCompile>
    <ClCompile Include="PCSaver.cpp">
      <Filter>IO</Filter>
    </ClCompile>
    <ClCompile Include="PCPLYSaver.cpp">
      <Filter>IO</Filter>
    </ClCompile>
    <ClCompile Include="SolverBuilder.cpp">
      <Filter>Transaction\DepthInpainting</Filter>
    </ClCompile>
    <ClCompile Include="DepthInpainting.cpp">
      <Filter>Transaction\DepthInpainting</Filter>
    </ClCompile>
    <ClCompile Include="PCLASLoader.cpp">
      <Filter>IO</Filter>
    </ClCompile>
    <ClCompile Include="Surface2CloudMapper.cpp">
      <Filter>Transaction\Surface</Filter>
    </ClCompile>
    <ClCompile Include="PCManagement.cpp">
      <Filter>Management</Filter>
    </ClCompile>
    <ClCompile Include="ImageInpainting.cpp">
      <Filter>Transaction\DepthInpainting</Filter>
    </ClCompile>
  </ItemGroup>
</Project>