<?xml version="1.0" encoding="utf-8"?>
<Project ToolsVersion="4.0" xmlns="http://schemas.microsoft.com/developer/msbuild/2003">
  <ItemGroup>
    <None Include="packages.config" />
  </ItemGroup>
  <ItemGroup>
    <Filter Include="pch">
      <UniqueIdentifier>{9f3ad5ec-a0b7-4408-8a1b-9a88d64fcbb3}</UniqueIdentifier>
    </Filter>
    <Filter Include="Interface">
      <UniqueIdentifier>{8d3684d3-bcc8-423c-966d-d8bc12c683b5}</UniqueIdentifier>
    </Filter>
    <Filter Include="Clustering">
      <UniqueIdentifier>{443af680-2234-4004-a342-8d213a247e6e}</UniqueIdentifier>
    </Filter>
    <Filter Include="Operator">
      <UniqueIdentifier>{fae044bf-5f88-4e25-9133-5e2950ea381b}</UniqueIdentifier>
    </Filter>
  </ItemGroup>
  <ItemGroup>
    <ClInclude Include="framework.h">
      <Filter>pch</Filter>
    </ClInclude>
    <ClInclude Include="pch.h">
      <Filter>pch</Filter>
    </ClInclude>
    <ClInclude Include="GAInterface.h">
      <Filter>Interface</Filter>
    </ClInclude>
    <ClInclude Include="GeneticClustering.h">
      <Filter>Clustering</Filter>
    </ClInclude>
    <ClInclude Include="Cluster.h">
      <Filter>Clustering</Filter>
    </ClInclude>
    <ClInclude Include="Selector.h">
      <Filter>Operator</Filter>
    </ClInclude>
    <ClInclude Include="Crossor.h">
      <Filter>Operator</Filter>
    </ClInclude>
  </ItemGroup>
  <ItemGroup>
    <ClCompile Include="pch.cpp">
      <Filter>pch</Filter>
    </ClCompile>
    <ClCompile Include="GAInterface.cpp">
      <Filter>Interface</Filter>
    </ClCompile>
    <ClCompile Include="GeneticClustering.cpp">
      <Filter>Clustering</Filter>
    </ClCompile>
    <ClCompile Include="Cluster.cpp">
      <Filter>Clustering</Filter>
    </ClCompile>
    <ClCompile Include="Selector.cpp">
      <Filter>Operator</Filter>
    </ClCompile>
    <ClCompile Include="Crossor.cpp">
      <Filter>Operator</Filter>
    </ClCompile>
  </ItemGroup>
</Project>