<?xml version="1.0" encoding="utf-8"?>
<Project ToolsVersion="4.0" xmlns="http://schemas.microsoft.com/developer/msbuild/2003">
  <ItemGroup>
    <Filter Include="资源文件">
      <UniqueIdentifier>{67DA6AB6-F800-4c08-8B7A-83BB121AAD01}</UniqueIdentifier>
      <Extensions>rc;ico;cur;bmp;dlg;rc2;rct;bin;rgs;gif;jpg;jpeg;jpe;resx;tiff;tif;png;wav;mfcribbon-ms</Extensions>
    </Filter>
    <Filter Include="PointCloud">
      <UniqueIdentifier>{c05088e7-7f26-4988-99ab-4c7fcff56456}</UniqueIdentifier>
    </Filter>
    <Filter Include="Config">
      <UniqueIdentifier>{ac66ee76-7954-4f25-b9b8-08e8bec7ca8e}</UniqueIdentifier>
    </Filter>
    <Filter Include="Config\Definition">
      <UniqueIdentifier>{ace2fdd0-576d-41cd-ae6d-d4ff3d112068}</UniqueIdentifier>
    </Filter>
    <Filter Include="Config\Registry">
      <UniqueIdentifier>{dfc1067c-d218-469b-9485-056a6fea4998}</UniqueIdentifier>
    </Filter>
    <Filter Include="Config\JsonParser">
      <UniqueIdentifier>{ce904abf-a360-4888-9923-85128d25e824}</UniqueIdentifier>
    </Filter>
    <Filter Include="Image">
      <UniqueIdentifier>{48e40176-da38-4d82-b512-728860135391}</UniqueIdentifier>
    </Filter>
    <Filter Include="MagicEnum">
      <UniqueIdentifier>{b30f8e9f-804a-4757-a6b0-79b1a460f3d8}</UniqueIdentifier>
    </Filter>
  </ItemGroup>
  <ItemGroup>
    <ClInclude Include="PointCloudType.h">
      <Filter>PointCloud</Filter>
    </ClInclude>
    <ClInclude Include="JsonParser.h">
      <Filter>Config\JsonParser</Filter>
    </ClInclude>
    <ClInclude Include="Registry.h">
      <Filter>Config\Registry</Filter>
    </ClInclude>
    <ClInclude Include="Definition.h">
      <Filter>Config\Definition</Filter>
    </ClInclude>
    <ClInclude Include="Image.h">
      <Filter>Image</Filter>
    </ClInclude>
    <ClInclude Include="magic_enum.hpp">
      <Filter>MagicEnum</Filter>
    </ClInclude>
  </ItemGroup>
  <ItemGroup>
    <None Include="packages.config" />
  </ItemGroup>
  <ItemGroup>
    <ClCompile Include="JsonParser.cpp">
      <Filter>Config\JsonParser</Filter>
    </ClCompile>
    <ClCompile Include="Registry.cpp">
      <Filter>Config\Registry</Filter>
    </ClCompile>
    <ClCompile Include="Image.cpp">
      <Filter>Image</Filter>
    </ClCompile>
  </ItemGroup>
</Project>